<?xml version="1.0" encoding="utf-8"?>
<Project ToolsVersion="4.0" xmlns="http://schemas.microsoft.com/developer/msbuild/2003">
  <ItemGroup>
    <Filter Include="Source Files">
      <UniqueIdentifier>{825ac17e-fef0-4e41-a5f3-20363fe0357d}</UniqueIdentifier>
      <Extensions>cpp;c;cxx;rc;def;r;odl;idl;hpj;bat</Extensions>
    </Filter>
    <Filter Include="Header Files">
      <UniqueIdentifier>{39f8277c-a815-4197-af33-b0988ab2878b}</UniqueIdentifier>
    </Filter>
  </ItemGroup>
  <ItemGroup>
    <ClCompile Include="..\..\tools\fiwalk\src\tre-0.8.0\lib\regcomp.c">
      <Filter>Source Files</Filter>
    </ClCompile>
    <ClCompile Include="..\..\tools\fiwalk\src\tre-0.8.0\lib\regerror.c">
      <Filter>Source Files</Filter>
    </ClCompile>
    <ClCompile Include="..\..\tools\fiwalk\src\tre-0.8.0\lib\regexec.c">
      <Filter>Source Files</Filter>
    </ClCompile>
    <ClCompile Include="..\..\tools\fiwalk\src\tre-0.8.0\lib\tre-ast.c">
      <Filter>Source Files</Filter>
    </ClCompile>
    <ClCompile Include="..\..\tools\fiwalk\src\tre-0.8.0\lib\tre-compile.c">
      <Filter>Source Files</Filter>
    </ClCompile>
    <ClCompile Include="..\..\tools\fiwalk\src\tre-0.8.0\lib\tre-match-approx.c">
      <Filter>Source Files</Filter>
    </ClCompile>
    <ClCompile Include="..\..\tools\fiwalk\src\tre-0.8.0\lib\tre-match-backtrack.c">
      <Filter>Source Files</Filter>
    </ClCompile>
    <ClCompile Include="..\..\tools\fiwalk\src\tre-0.8.0\lib\tre-match-parallel.c">
      <Filter>Source Files</Filter>
    </ClCompile>
    <ClCompile Include="..\..\tools\fiwalk\src\tre-0.8.0\lib\tre-mem.c">
      <Filter>Source Files</Filter>
    </ClCompile>
    <ClCompile Include="..\..\tools\fiwalk\src\tre-0.8.0\lib\tre-parse.c">
      <Filter>Source Files</Filter>
    </ClCompile>
    <ClCompile Include="..\..\tools\fiwalk\src\tre-0.8.0\lib\tre-stack.c">
      <Filter>Source Files</Filter>
    </ClCompile>
    <ClCompile Include="..\..\tools\fiwalk\src\tre-0.8.0\lib\xmalloc.c">
      <Filter>Source Files</Filter>
    </ClCompile>
  </ItemGroup>
  <ItemGroup>
    <ClInclude Include="..\..\tools\fiwalk\src\tre-0.8.0\lib\regex.h">
      <Filter>Source Files</Filter>
    </ClInclude>
    <ClInclude Include="..\..\tools\fiwalk\src\tre-0.8.0\lib\tre-ast.h">
      <Filter>Source Files</Filter>
    </ClInclude>
    <ClInclude Include="..\..\tools\fiwalk\src\tre-0.8.0\lib\tre-compile.h">
      <Filter>Source Files</Filter>
    </ClInclude>
    <ClInclude Include="..\..\tools\fiwalk\src\tre-0.8.0\lib\tre-internal.h">
      <Filter>Source Files</Filter>
    </ClInclude>
    <ClInclude Include="..\..\tools\fiwalk\src\tre-0.8.0\lib\tre-match-utils.h">
      <Filter>Source Files</Filter>
    </ClInclude>
    <ClInclude Include="..\..\tools\fiwalk\src\tre-0.8.0\lib\tre-mem.h">
      <Filter>Source Files</Filter>
    </ClInclude>
    <ClInclude Include="..\..\tools\fiwalk\src\tre-0.8.0\lib\tre-parse.h">
      <Filter>Source Files</Filter>
    </ClInclude>
    <ClInclude Include="..\..\tools\fiwalk\src\tre-0.8.0\lib\tre-stack.h">
      <Filter>Source Files</Filter>
    </ClInclude>
    <ClInclude Include="..\..\tools\fiwalk\src\tre-0.8.0\lib\tre.h">
      <Filter>Source Files</Filter>
    </ClInclude>
    <ClInclude Include="..\..\tools\fiwalk\src\tre-0.8.0\lib\xmalloc.h">
      <Filter>Source Files</Filter>
    </ClInclude>
    <ClInclude Include="config.h">
      <Filter>Header Files</Filter>
    </ClInclude>
    <ClInclude Include="..\lib\regex.h">
      <Filter>Header Files</Filter>
    </ClInclude>
    <ClInclude Include="..\lib\tre-ast.h">
      <Filter>Header Files</Filter>
    </ClInclude>
    <ClInclude Include="..\lib\tre-compile.h">
      <Filter>Header Files</Filter>
    </ClInclude>
    <ClInclude Include="tre-config.h">
      <Filter>Header Files</Filter>
    </ClInclude>
    <ClInclude Include="..\lib\tre-internal.h">
      <Filter>Header Files</Filter>
    </ClInclude>
    <ClInclude Include="..\lib\tre-match-utils.h">
      <Filter>Header Files</Filter>
    </ClInclude>
    <ClInclude Include="..\lib\tre-mem.h">
      <Filter>Header Files</Filter>
    </ClInclude>
    <ClInclude Include="..\lib\tre-parse.h">
      <Filter>Header Files</Filter>
    </ClInclude>
    <ClInclude Include="..\lib\tre-stack.h">
      <Filter>Header Files</Filter>
    </ClInclude>
    <ClInclude Include="..\lib\xmalloc.h">
      <Filter>Header Files</Filter>
    </ClInclude>
  </ItemGroup>
  <ItemGroup>
    <None Include="tre.def">
      <Filter>Header Files</Filter>
    </None>
  </ItemGroup>
</Project>