
Microsoft Visual Studio Solution File, Format Version 10.00
# Visual C++ Express 2008
Project("{8BC9CEB8-8B4A-11D0-8D11-00A0C91BC942}") = "libauxtools", "libauxtools\libauxtools.vcproj", "{F12AA46A-EA91-4AB6-8246-7800DF6128A4}"
EndProject
Project("{8BC9CEB8-8B4A-11D0-8D11-00A0C91BC942}") = "libimgtools", "libimgtools\libimgtools.vcproj", "{47E72886-0B51-4098-BAF4-68B4494F0872}"
	ProjectSection(ProjectDependencies) = postProject
		{F12AA46A-EA91-4AB6-8246-7800DF6128A4} = {F12AA46A-EA91-4AB6-8246-7800DF6128A4}
	EndProjectSection
EndProject
Project("{8BC9CEB8-8B4A-11D0-8D11-00A0C91BC942}") = "img_stat", "img_stat\img_stat.vcproj", "{48F52EA8-A5D1-4BF4-B774-6ECFCB0CE3C9}"
	ProjectSection(ProjectDependencies) = postProject
		{47E72886-0B51-4098-BAF4-68B4494F0872} = {47E72886-0B51-4098-BAF4-68B4494F0872}
	EndProjectSection
EndProject
Project("{8BC9CEB8-8B4A-11D0-8D11-00A0C91BC942}") = "libmmtools", "libmmtools\libmmtools.vcproj", "{47901C6F-77EC-4753-A83A-F6AE975851B9}"
	ProjectSection(ProjectDependencies) = postProject
		{F12AA46A-EA91-4AB6-8246-7800DF6128A4} = {F12AA46A-EA91-4AB6-8246-7800DF6128A4}
		{47E72886-0B51-4098-BAF4-68B4494F0872} = {47E72886-0B51-4098-BAF4-68B4494F0872}
	EndProjectSection
EndProject
Project("{8BC9CEB8-8B4A-11D0-8D11-00A0C91BC942}") = "libfstools", "libfstools\libfstools.vcproj", "{2D0B32C2-B035-4873-8E9A-4D4221D93F68}"
	ProjectSection(ProjectDependencies) = postProject
		{F12AA46A-EA91-4AB6-8246-7800DF6128A4} = {F12AA46A-EA91-4AB6-8246-7800DF6128A4}
		{47E72886-0B51-4098-BAF4-68B4494F0872} = {47E72886-0B51-4098-BAF4-68B4494F0872}
	EndProjectSection
EndProject
Project("{8BC9CEB8-8B4A-11D0-8D11-00A0C91BC942}") = "mmls", "mmls\mmls.vcproj", "{712DD83B-786E-485E-83C7-7197DD851B78}"
	ProjectSection(ProjectDependencies) = postProject
		{47901C6F-77EC-4753-A83A-F6AE975851B9} = {47901C6F-77EC-4753-A83A-F6AE975851B9}
	EndProjectSection
EndProject
Project("{8BC9CEB8-8B4A-11D0-8D11-00A0C91BC942}") = "img_cat", "img_cat\img_cat.vcproj", "{671D843F-4DFA-4CB8-8BC9-D44E7F4ECF1E}"
	ProjectSection(ProjectDependencies) = postProject
		{47E72886-0B51-4098-BAF4-68B4494F0872} = {47E72886-0B51-4098-BAF4-68B4494F0872}
	EndProjectSection
EndProject
Project("{8BC9CEB8-8B4A-11D0-8D11-00A0C91BC942}") = "mmstat", "mmstat\mmstat.vcproj", "{5D75FBFB-539A-4014-ACEB-520BB16F5BFC}"
	ProjectSection(ProjectDependencies) = postProject
		{F12AA46A-EA91-4AB6-8246-7800DF6128A4} = {F12AA46A-EA91-4AB6-8246-7800DF6128A4}
		{47901C6F-77EC-4753-A83A-F6AE975851B9} = {47901C6F-77EC-4753-A83A-F6AE975851B9}
		{47E72886-0B51-4098-BAF4-68B4494F0872} = {47E72886-0B51-4098-BAF4-68B4494F0872}
	EndProjectSection
EndProject
Project("{8BC9CEB8-8B4A-11D0-8D11-00A0C91BC942}") = "fls", "fls\fls.vcproj", "{58DA1042-AC19-4779-AC1A-AA8EEB3A4524}"
	ProjectSection(ProjectDependencies) = postProject
		{F12AA46A-EA91-4AB6-8246-7800DF6128A4} = {F12AA46A-EA91-4AB6-8246-7800DF6128A4}
		{47E72886-0B51-4098-BAF4-68B4494F0872} = {47E72886-0B51-4098-BAF4-68B4494F0872}
		{2D0B32C2-B035-4873-8E9A-4D4221D93F68} = {2D0B32C2-B035-4873-8E9A-4D4221D93F68}
	EndProjectSection
EndProject
Project("{8BC9CEB8-8B4A-11D0-8D11-00A0C91BC942}") = "fsstat", "fsstat\fsstat.vcproj", "{D1E6567A-4F65-4832-8018-D33B3CB4692B}"
	ProjectSection(ProjectDependencies) = postProject
		{F12AA46A-EA91-4AB6-8246-7800DF6128A4} = {F12AA46A-EA91-4AB6-8246-7800DF6128A4}
		{47E72886-0B51-4098-BAF4-68B4494F0872} = {47E72886-0B51-4098-BAF4-68B4494F0872}
		{2D0B32C2-B035-4873-8E9A-4D4221D93F68} = {2D0B32C2-B035-4873-8E9A-4D4221D93F68}
	EndProjectSection
EndProject
Project("{8BC9CEB8-8B4A-11D0-8D11-00A0C91BC942}") = "blkcat", "blkcat\blkcat.vcproj", "{A2BEA467-A4CC-4FA6-9C74-587498E35467}"
	ProjectSection(ProjectDependencies) = postProject
		{F12AA46A-EA91-4AB6-8246-7800DF6128A4} = {F12AA46A-EA91-4AB6-8246-7800DF6128A4}
		{47E72886-0B51-4098-BAF4-68B4494F0872} = {47E72886-0B51-4098-BAF4-68B4494F0872}
		{2D0B32C2-B035-4873-8E9A-4D4221D93F68} = {2D0B32C2-B035-4873-8E9A-4D4221D93F68}
	EndProjectSection
EndProject
Project("{8BC9CEB8-8B4A-11D0-8D11-00A0C91BC942}") = "blkstat", "blkstat\blkstat.vcproj", "{FBB66156-9A54-4713-A801-C507BE7A3AE3}"
	ProjectSection(ProjectDependencies) = postProject
		{F12AA46A-EA91-4AB6-8246-7800DF6128A4} = {F12AA46A-EA91-4AB6-8246-7800DF6128A4}
		{47E72886-0B51-4098-BAF4-68B4494F0872} = {47E72886-0B51-4098-BAF4-68B4494F0872}
		{2D0B32C2-B035-4873-8E9A-4D4221D93F68} = {2D0B32C2-B035-4873-8E9A-4D4221D93F68}
	EndProjectSection
EndProject
Project("{8BC9CEB8-8B4A-11D0-8D11-00A0C91BC942}") = "blkcalc", "blkcalc\blkcalc.vcproj", "{46B82840-9832-466F-8568-132407CA3853}"
	ProjectSection(ProjectDependencies) = postProject
		{F12AA46A-EA91-4AB6-8246-7800DF6128A4} = {F12AA46A-EA91-4AB6-8246-7800DF6128A4}
		{47E72886-0B51-4098-BAF4-68B4494F0872} = {47E72886-0B51-4098-BAF4-68B4494F0872}
		{2D0B32C2-B035-4873-8E9A-4D4221D93F68} = {2D0B32C2-B035-4873-8E9A-4D4221D93F68}
	EndProjectSection
EndProject
Project("{8BC9CEB8-8B4A-11D0-8D11-00A0C91BC942}") = "blkls", "blkls\blkls.vcproj", "{48D98A0A-BF9C-4D7E-9AF8-E4CAE8437997}"
	ProjectSection(ProjectDependencies) = postProject
		{F12AA46A-EA91-4AB6-8246-7800DF6128A4} = {F12AA46A-EA91-4AB6-8246-7800DF6128A4}
		{47E72886-0B51-4098-BAF4-68B4494F0872} = {47E72886-0B51-4098-BAF4-68B4494F0872}
		{2D0B32C2-B035-4873-8E9A-4D4221D93F68} = {2D0B32C2-B035-4873-8E9A-4D4221D93F68}
	EndProjectSection
EndProject
Project("{8BC9CEB8-8B4A-11D0-8D11-00A0C91BC942}") = "ffind", "ffind\ffind.vcproj", "{7C132953-1700-42FF-9F61-A814C9F2C758}"
	ProjectSection(ProjectDependencies) = postProject
		{F12AA46A-EA91-4AB6-8246-7800DF6128A4} = {F12AA46A-EA91-4AB6-8246-7800DF6128A4}
		{47E72886-0B51-4098-BAF4-68B4494F0872} = {47E72886-0B51-4098-BAF4-68B4494F0872}
		{2D0B32C2-B035-4873-8E9A-4D4221D93F68} = {2D0B32C2-B035-4873-8E9A-4D4221D93F68}
	EndProjectSection
EndProject
Project("{8BC9CEB8-8B4A-11D0-8D11-00A0C91BC942}") = "icat", "icat\icat.vcproj", "{38D89022-2C83-4436-A333-375A2E3E7BB0}"
	ProjectSection(ProjectDependencies) = postProject
		{F12AA46A-EA91-4AB6-8246-7800DF6128A4} = {F12AA46A-EA91-4AB6-8246-7800DF6128A4}
		{47E72886-0B51-4098-BAF4-68B4494F0872} = {47E72886-0B51-4098-BAF4-68B4494F0872}
		{2D0B32C2-B035-4873-8E9A-4D4221D93F68} = {2D0B32C2-B035-4873-8E9A-4D4221D93F68}
	EndProjectSection
EndProject
Project("{8BC9CEB8-8B4A-11D0-8D11-00A0C91BC942}") = "ifind", "ifind\ifind.vcproj", "{52251CB2-65A3-421B-9CB4-7DAC13BB3758}"
	ProjectSection(ProjectDependencies) = postProject
		{F12AA46A-EA91-4AB6-8246-7800DF6128A4} = {F12AA46A-EA91-4AB6-8246-7800DF6128A4}
		{47E72886-0B51-4098-BAF4-68B4494F0872} = {47E72886-0B51-4098-BAF4-68B4494F0872}
		{2D0B32C2-B035-4873-8E9A-4D4221D93F68} = {2D0B32C2-B035-4873-8E9A-4D4221D93F68}
	EndProjectSection
EndProject
Project("{8BC9CEB8-8B4A-11D0-8D11-00A0C91BC942}") = "ils", "ils\ils.vcproj", "{62C97F5E-64DD-4623-9563-747C4C173348}"
	ProjectSection(ProjectDependencies) = postProject
		{F12AA46A-EA91-4AB6-8246-7800DF6128A4} = {F12AA46A-EA91-4AB6-8246-7800DF6128A4}
		{47E72886-0B51-4098-BAF4-68B4494F0872} = {47E72886-0B51-4098-BAF4-68B4494F0872}
		{2D0B32C2-B035-4873-8E9A-4D4221D93F68} = {2D0B32C2-B035-4873-8E9A-4D4221D93F68}
	EndProjectSection
EndProject
Project("{8BC9CEB8-8B4A-11D0-8D11-00A0C91BC942}") = "istat", "istat\istat.vcproj", "{D7643AD7-8518-4B3E-8F3F-F11258D9540E}"
	ProjectSection(ProjectDependencies) = postProject
		{F12AA46A-EA91-4AB6-8246-7800DF6128A4} = {F12AA46A-EA91-4AB6-8246-7800DF6128A4}
		{47E72886-0B51-4098-BAF4-68B4494F0872} = {47E72886-0B51-4098-BAF4-68B4494F0872}
		{2D0B32C2-B035-4873-8E9A-4D4221D93F68} = {2D0B32C2-B035-4873-8E9A-4D4221D93F68}
	EndProjectSection
EndProject
Project("{8BC9CEB8-8B4A-11D0-8D11-00A0C91BC942}") = "jcat", "jcat\jcat.vcproj", "{44A003BE-400D-4434-AFED-64D8E3B448D9}"
	ProjectSection(ProjectDependencies) = postProject
		{F12AA46A-EA91-4AB6-8246-7800DF6128A4} = {F12AA46A-EA91-4AB6-8246-7800DF6128A4}
		{47E72886-0B51-4098-BAF4-68B4494F0872} = {47E72886-0B51-4098-BAF4-68B4494F0872}
		{2D0B32C2-B035-4873-8E9A-4D4221D93F68} = {2D0B32C2-B035-4873-8E9A-4D4221D93F68}
	EndProjectSection
EndProject
Project("{8BC9CEB8-8B4A-11D0-8D11-00A0C91BC942}") = "jls", "jls\jls.vcproj", "{C52F935E-1FD2-443C-A181-27908DAB3BC8}"
	ProjectSection(ProjectDependencies) = postProject
		{F12AA46A-EA91-4AB6-8246-7800DF6128A4} = {F12AA46A-EA91-4AB6-8246-7800DF6128A4}
		{47E72886-0B51-4098-BAF4-68B4494F0872} = {47E72886-0B51-4098-BAF4-68B4494F0872}
		{2D0B32C2-B035-4873-8E9A-4D4221D93F68} = {2D0B32C2-B035-4873-8E9A-4D4221D93F68}
	EndProjectSection
EndProject
Project("{8BC9CEB8-8B4A-11D0-8D11-00A0C91BC942}") = "libhashdbtools", "libhashdbtools\libhashdbtools.vcproj", "{01C4C49B-5B89-4049-8F9E-1906F82B798D}"
	ProjectSection(ProjectDependencies) = postProject
		{F12AA46A-EA91-4AB6-8246-7800DF6128A4} = {F12AA46A-EA91-4AB6-8246-7800DF6128A4}
	EndProjectSection
EndProject
Project("{8BC9CEB8-8B4A-11D0-8D11-00A0C91BC942}") = "hfind", "hfind\hfind.vcproj", "{0B127AE3-0C18-4EEF-AB20-A0693E6AA822}"
	ProjectSection(ProjectDependencies) = postProject
		{01C4C49B-5B89-4049-8F9E-1906F82B798D} = {01C4C49B-5B89-4049-8F9E-1906F82B798D}
	EndProjectSection
EndProject
Project("{8BC9CEB8-8B4A-11D0-8D11-00A0C91BC942}") = "mmcat", "mmcat\mmcat.vcproj", "{A15F1E4F-951A-403E-B746-2A6D63D9C416}"
	ProjectSection(ProjectDependencies) = postProject
		{47901C6F-77EC-4753-A83A-F6AE975851B9} = {47901C6F-77EC-4753-A83A-F6AE975851B9}
	EndProjectSection
EndProject
Project("{8BC9CEB8-8B4A-11D0-8D11-00A0C91BC942}") = "callback-sample", "callback-sample\callback-sample.vcproj", "{6CE3D593-E90D-4CC1-A66B-694AC909F6B8}"
	ProjectSection(ProjectDependencies) = postProject
		{47E72886-0B51-4098-BAF4-68B4494F0872} = {47E72886-0B51-4098-BAF4-68B4494F0872}
		{2D0B32C2-B035-4873-8E9A-4D4221D93F68} = {2D0B32C2-B035-4873-8E9A-4D4221D93F68}
		{47901C6F-77EC-4753-A83A-F6AE975851B9} = {47901C6F-77EC-4753-A83A-F6AE975851B9}
		{F12AA46A-EA91-4AB6-8246-7800DF6128A4} = {F12AA46A-EA91-4AB6-8246-7800DF6128A4}
	EndProjectSection
EndProject
Project("{8BC9CEB8-8B4A-11D0-8D11-00A0C91BC942}") = "posix-sample", "posix-sample\posix-sample.vcproj", "{1BA0B9E8-F135-494F-9CF5-86427C1F6E41}"
	ProjectSection(ProjectDependencies) = postProject
		{F12AA46A-EA91-4AB6-8246-7800DF6128A4} = {F12AA46A-EA91-4AB6-8246-7800DF6128A4}
		{47901C6F-77EC-4753-A83A-F6AE975851B9} = {47901C6F-77EC-4753-A83A-F6AE975851B9}
		{47E72886-0B51-4098-BAF4-68B4494F0872} = {47E72886-0B51-4098-BAF4-68B4494F0872}
		{2D0B32C2-B035-4873-8E9A-4D4221D93F68} = {2D0B32C2-B035-4873-8E9A-4D4221D93F68}
	EndProjectSection
EndProject
Global
	GlobalSection(SolutionConfigurationPlatforms) = preSolution
		Debug_NoLibs|Win32 = Debug_NoLibs|Win32
		Debug|Win32 = Debug|Win32
		Release|Win32 = Release|Win32
	EndGlobalSection
	GlobalSection(ProjectConfigurationPlatforms) = postSolution
		{F12AA46A-EA91-4AB6-8246-7800DF6128A4}.Debug_NoLibs|Win32.ActiveCfg = Debug_NoLibs|Win32
		{F12AA46A-EA91-4AB6-8246-7800DF6128A4}.Debug_NoLibs|Win32.Build.0 = Debug_NoLibs|Win32
		{F12AA46A-EA91-4AB6-8246-7800DF6128A4}.Debug|Win32.ActiveCfg = Debug|Win32
		{F12AA46A-EA91-4AB6-8246-7800DF6128A4}.Debug|Win32.Build.0 = Debug|Win32
		{F12AA46A-EA91-4AB6-8246-7800DF6128A4}.Release|Win32.ActiveCfg = Release|Win32
		{F12AA46A-EA91-4AB6-8246-7800DF6128A4}.Release|Win32.Build.0 = Release|Win32
		{47E72886-0B51-4098-BAF4-68B4494F0872}.Debug_NoLibs|Win32.ActiveCfg = Debug_NoLibs|Win32
		{47E72886-0B51-4098-BAF4-68B4494F0872}.Debug_NoLibs|Win32.Build.0 = Debug_NoLibs|Win32
		{47E72886-0B51-4098-BAF4-68B4494F0872}.Debug|Win32.ActiveCfg = Debug|Win32
		{47E72886-0B51-4098-BAF4-68B4494F0872}.Debug|Win32.Build.0 = Debug|Win32
		{47E72886-0B51-4098-BAF4-68B4494F0872}.Release|Win32.ActiveCfg = Release|Win32
		{47E72886-0B51-4098-BAF4-68B4494F0872}.Release|Win32.Build.0 = Release|Win32
		{48F52EA8-A5D1-4BF4-B774-6ECFCB0CE3C9}.Debug_NoLibs|Win32.ActiveCfg = Debug_NoLibs|Win32
		{48F52EA8-A5D1-4BF4-B774-6ECFCB0CE3C9}.Debug_NoLibs|Win32.Build.0 = Debug_NoLibs|Win32
		{48F52EA8-A5D1-4BF4-B774-6ECFCB0CE3C9}.Debug|Win32.ActiveCfg = Debug|Win32
		{48F52EA8-A5D1-4BF4-B774-6ECFCB0CE3C9}.Debug|Win32.Build.0 = Debug|Win32
		{48F52EA8-A5D1-4BF4-B774-6ECFCB0CE3C9}.Release|Win32.ActiveCfg = Release|Win32
		{48F52EA8-A5D1-4BF4-B774-6ECFCB0CE3C9}.Release|Win32.Build.0 = Release|Win32
		{47901C6F-77EC-4753-A83A-F6AE975851B9}.Debug_NoLibs|Win32.ActiveCfg = Debug_NoLibs|Win32
		{47901C6F-77EC-4753-A83A-F6AE975851B9}.Debug_NoLibs|Win32.Build.0 = Debug_NoLibs|Win32
		{47901C6F-77EC-4753-A83A-F6AE975851B9}.Debug|Win32.ActiveCfg = Debug|Win32
		{47901C6F-77EC-4753-A83A-F6AE975851B9}.Debug|Win32.Build.0 = Debug|Win32
		{47901C6F-77EC-4753-A83A-F6AE975851B9}.Release|Win32.ActiveCfg = Release|Win32
		{47901C6F-77EC-4753-A83A-F6AE975851B9}.Release|Win32.Build.0 = Release|Win32
		{2D0B32C2-B035-4873-8E9A-4D4221D93F68}.Debug_NoLibs|Win32.ActiveCfg = Debug_NoLibs|Win32
		{2D0B32C2-B035-4873-8E9A-4D4221D93F68}.Debug_NoLibs|Win32.Build.0 = Debug_NoLibs|Win32
		{2D0B32C2-B035-4873-8E9A-4D4221D93F68}.Debug|Win32.ActiveCfg = Debug|Win32
		{2D0B32C2-B035-4873-8E9A-4D4221D93F68}.Debug|Win32.Build.0 = Debug|Win32
		{2D0B32C2-B035-4873-8E9A-4D4221D93F68}.Release|Win32.ActiveCfg = Release|Win32
		{2D0B32C2-B035-4873-8E9A-4D4221D93F68}.Release|Win32.Build.0 = Release|Win32
		{712DD83B-786E-485E-83C7-7197DD851B78}.Debug_NoLibs|Win32.ActiveCfg = Debug_NoLibs|Win32
		{712DD83B-786E-485E-83C7-7197DD851B78}.Debug_NoLibs|Win32.Build.0 = Debug_NoLibs|Win32
		{712DD83B-786E-485E-83C7-7197DD851B78}.Debug|Win32.ActiveCfg = Debug|Win32
		{712DD83B-786E-485E-83C7-7197DD851B78}.Debug|Win32.Build.0 = Debug|Win32
		{712DD83B-786E-485E-83C7-7197DD851B78}.Release|Win32.ActiveCfg = Release|Win32
		{712DD83B-786E-485E-83C7-7197DD851B78}.Release|Win32.Build.0 = Release|Win32
		{671D843F-4DFA-4CB8-8BC9-D44E7F4ECF1E}.Debug_NoLibs|Win32.ActiveCfg = Debug_NoLibs|Win32
		{671D843F-4DFA-4CB8-8BC9-D44E7F4ECF1E}.Debug_NoLibs|Win32.Build.0 = Debug_NoLibs|Win32
		{671D843F-4DFA-4CB8-8BC9-D44E7F4ECF1E}.Debug|Win32.ActiveCfg = Debug|Win32
		{671D843F-4DFA-4CB8-8BC9-D44E7F4ECF1E}.Debug|Win32.Build.0 = Debug|Win32
		{671D843F-4DFA-4CB8-8BC9-D44E7F4ECF1E}.Release|Win32.ActiveCfg = Release|Win32
		{671D843F-4DFA-4CB8-8BC9-D44E7F4ECF1E}.Release|Win32.Build.0 = Release|Win32
		{5D75FBFB-539A-4014-ACEB-520BB16F5BFC}.Debug_NoLibs|Win32.ActiveCfg = Debug_NoLibs|Win32
		{5D75FBFB-539A-4014-ACEB-520BB16F5BFC}.Debug_NoLibs|Win32.Build.0 = Debug_NoLibs|Win32
		{5D75FBFB-539A-4014-ACEB-520BB16F5BFC}.Debug|Win32.ActiveCfg = Debug|Win32
		{5D75FBFB-539A-4014-ACEB-520BB16F5BFC}.Debug|Win32.Build.0 = Debug|Win32
		{5D75FBFB-539A-4014-ACEB-520BB16F5BFC}.Release|Win32.ActiveCfg = Release|Win32
		{5D75FBFB-539A-4014-ACEB-520BB16F5BFC}.Release|Win32.Build.0 = Release|Win32
		{58DA1042-AC19-4779-AC1A-AA8EEB3A4524}.Debug_NoLibs|Win32.ActiveCfg = Debug_NoLibs|Win32
		{58DA1042-AC19-4779-AC1A-AA8EEB3A4524}.Debug_NoLibs|Win32.Build.0 = Debug_NoLibs|Win32
		{58DA1042-AC19-4779-AC1A-AA8EEB3A4524}.Debug|Win32.ActiveCfg = Debug|Win32
		{58DA1042-AC19-4779-AC1A-AA8EEB3A4524}.Debug|Win32.Build.0 = Debug|Win32
		{58DA1042-AC19-4779-AC1A-AA8EEB3A4524}.Release|Win32.ActiveCfg = Release|Win32
		{58DA1042-AC19-4779-AC1A-AA8EEB3A4524}.Release|Win32.Build.0 = Release|Win32
		{D1E6567A-4F65-4832-8018-D33B3CB4692B}.Debug_NoLibs|Win32.ActiveCfg = Debug_NoLibs|Win32
		{D1E6567A-4F65-4832-8018-D33B3CB4692B}.Debug_NoLibs|Win32.Build.0 = Debug_NoLibs|Win32
		{D1E6567A-4F65-4832-8018-D33B3CB4692B}.Debug|Win32.ActiveCfg = Debug|Win32
		{D1E6567A-4F65-4832-8018-D33B3CB4692B}.Debug|Win32.Build.0 = Debug|Win32
		{D1E6567A-4F65-4832-8018-D33B3CB4692B}.Release|Win32.ActiveCfg = Release|Win32
		{D1E6567A-4F65-4832-8018-D33B3CB4692B}.Release|Win32.Build.0 = Release|Win32
		{A2BEA467-A4CC-4FA6-9C74-587498E35467}.Debug_NoLibs|Win32.ActiveCfg = Debug_NoLibs|Win32
		{A2BEA467-A4CC-4FA6-9C74-587498E35467}.Debug_NoLibs|Win32.Build.0 = Debug_NoLibs|Win32
		{A2BEA467-A4CC-4FA6-9C74-587498E35467}.Debug|Win32.ActiveCfg = Debug|Win32
		{A2BEA467-A4CC-4FA6-9C74-587498E35467}.Debug|Win32.Build.0 = Debug|Win32
		{A2BEA467-A4CC-4FA6-9C74-587498E35467}.Release|Win32.ActiveCfg = Release|Win32
		{A2BEA467-A4CC-4FA6-9C74-587498E35467}.Release|Win32.Build.0 = Release|Win32
		{FBB66156-9A54-4713-A801-C507BE7A3AE3}.Debug_NoLibs|Win32.ActiveCfg = Debug_NoLibs|Win32
		{FBB66156-9A54-4713-A801-C507BE7A3AE3}.Debug_NoLibs|Win32.Build.0 = Debug_NoLibs|Win32
		{FBB66156-9A54-4713-A801-C507BE7A3AE3}.Debug|Win32.ActiveCfg = Debug|Win32
		{FBB66156-9A54-4713-A801-C507BE7A3AE3}.Debug|Win32.Build.0 = Debug|Win32
		{FBB66156-9A54-4713-A801-C507BE7A3AE3}.Release|Win32.ActiveCfg = Release|Win32
		{FBB66156-9A54-4713-A801-C507BE7A3AE3}.Release|Win32.Build.0 = Release|Win32
		{46B82840-9832-466F-8568-132407CA3853}.Debug_NoLibs|Win32.ActiveCfg = Debug_NoLibs|Win32
		{46B82840-9832-466F-8568-132407CA3853}.Debug_NoLibs|Win32.Build.0 = Debug_NoLibs|Win32
		{46B82840-9832-466F-8568-132407CA3853}.Debug|Win32.ActiveCfg = Debug|Win32
		{46B82840-9832-466F-8568-132407CA3853}.Debug|Win32.Build.0 = Debug|Win32
		{46B82840-9832-466F-8568-132407CA3853}.Release|Win32.ActiveCfg = Release|Win32
		{46B82840-9832-466F-8568-132407CA3853}.Release|Win32.Build.0 = Release|Win32
		{48D98A0A-BF9C-4D7E-9AF8-E4CAE8437997}.Debug_NoLibs|Win32.ActiveCfg = Debug_NoLibs|Win32
		{48D98A0A-BF9C-4D7E-9AF8-E4CAE8437997}.Debug_NoLibs|Win32.Build.0 = Debug_NoLibs|Win32
		{48D98A0A-BF9C-4D7E-9AF8-E4CAE8437997}.Debug|Win32.ActiveCfg = Debug|Win32
		{48D98A0A-BF9C-4D7E-9AF8-E4CAE8437997}.Debug|Win32.Build.0 = Debug|Win32
		{48D98A0A-BF9C-4D7E-9AF8-E4CAE8437997}.Release|Win32.ActiveCfg = Release|Win32
		{48D98A0A-BF9C-4D7E-9AF8-E4CAE8437997}.Release|Win32.Build.0 = Release|Win32
		{7C132953-1700-42FF-9F61-A814C9F2C758}.Debug_NoLibs|Win32.ActiveCfg = Debug_NoLibs|Win32
		{7C132953-1700-42FF-9F61-A814C9F2C758}.Debug_NoLibs|Win32.Build.0 = Debug_NoLibs|Win32
		{7C132953-1700-42FF-9F61-A814C9F2C758}.Debug|Win32.ActiveCfg = Debug|Win32
		{7C132953-1700-42FF-9F61-A814C9F2C758}.Debug|Win32.Build.0 = Debug|Win32
		{7C132953-1700-42FF-9F61-A814C9F2C758}.Release|Win32.ActiveCfg = Release|Win32
		{7C132953-1700-42FF-9F61-A814C9F2C758}.Release|Win32.Build.0 = Release|Win32
		{38D89022-2C83-4436-A333-375A2E3E7BB0}.Debug_NoLibs|Win32.ActiveCfg = Debug_NoLibs|Win32
		{38D89022-2C83-4436-A333-375A2E3E7BB0}.Debug_NoLibs|Win32.Build.0 = Debug_NoLibs|Win32
		{38D89022-2C83-4436-A333-375A2E3E7BB0}.Debug|Win32.ActiveCfg = Debug|Win32
		{38D89022-2C83-4436-A333-375A2E3E7BB0}.Debug|Win32.Build.0 = Debug|Win32
		{38D89022-2C83-4436-A333-375A2E3E7BB0}.Release|Win32.ActiveCfg = Release|Win32
		{38D89022-2C83-4436-A333-375A2E3E7BB0}.Release|Win32.Build.0 = Release|Win32
		{52251CB2-65A3-421B-9CB4-7DAC13BB3758}.Debug_NoLibs|Win32.ActiveCfg = Debug_NoLibs|Win32
		{52251CB2-65A3-421B-9CB4-7DAC13BB3758}.Debug_NoLibs|Win32.Build.0 = Debug_NoLibs|Win32
		{52251CB2-65A3-421B-9CB4-7DAC13BB3758}.Debug|Win32.ActiveCfg = Debug|Win32
		{52251CB2-65A3-421B-9CB4-7DAC13BB3758}.Debug|Win32.Build.0 = Debug|Win32
		{52251CB2-65A3-421B-9CB4-7DAC13BB3758}.Release|Win32.ActiveCfg = Release|Win32
		{52251CB2-65A3-421B-9CB4-7DAC13BB3758}.Release|Win32.Build.0 = Release|Win32
		{62C97F5E-64DD-4623-9563-747C4C173348}.Debug_NoLibs|Win32.ActiveCfg = Debug_NoLibs|Win32
		{62C97F5E-64DD-4623-9563-747C4C173348}.Debug_NoLibs|Win32.Build.0 = Debug_NoLibs|Win32
		{62C97F5E-64DD-4623-9563-747C4C173348}.Debug|Win32.ActiveCfg = Debug|Win32
		{62C97F5E-64DD-4623-9563-747C4C173348}.Debug|Win32.Build.0 = Debug|Win32
		{62C97F5E-64DD-4623-9563-747C4C173348}.Release|Win32.ActiveCfg = Release|Win32
		{62C97F5E-64DD-4623-9563-747C4C173348}.Release|Win32.Build.0 = Release|Win32
		{D7643AD7-8518-4B3E-8F3F-F11258D9540E}.Debug_NoLibs|Win32.ActiveCfg = Debug_NoLibs|Win32
		{D7643AD7-8518-4B3E-8F3F-F11258D9540E}.Debug_NoLibs|Win32.Build.0 = Debug_NoLibs|Win32
		{D7643AD7-8518-4B3E-8F3F-F11258D9540E}.Debug|Win32.ActiveCfg = Debug|Win32
		{D7643AD7-8518-4B3E-8F3F-F11258D9540E}.Debug|Win32.Build.0 = Debug|Win32
		{D7643AD7-8518-4B3E-8F3F-F11258D9540E}.Release|Win32.ActiveCfg = Release|Win32
		{D7643AD7-8518-4B3E-8F3F-F11258D9540E}.Release|Win32.Build.0 = Release|Win32
		{44A003BE-400D-4434-AFED-64D8E3B448D9}.Debug_NoLibs|Win32.ActiveCfg = Debug_NoLibs|Win32
		{44A003BE-400D-4434-AFED-64D8E3B448D9}.Debug_NoLibs|Win32.Build.0 = Debug_NoLibs|Win32
		{44A003BE-400D-4434-AFED-64D8E3B448D9}.Debug|Win32.ActiveCfg = Debug|Win32
		{44A003BE-400D-4434-AFED-64D8E3B448D9}.Debug|Win32.Build.0 = Debug|Win32
		{44A003BE-400D-4434-AFED-64D8E3B448D9}.Release|Win32.ActiveCfg = Release|Win32
		{44A003BE-400D-4434-AFED-64D8E3B448D9}.Release|Win32.Build.0 = Release|Win32
		{C52F935E-1FD2-443C-A181-27908DAB3BC8}.Debug_NoLibs|Win32.ActiveCfg = Debug_NoLibs|Win32
		{C52F935E-1FD2-443C-A181-27908DAB3BC8}.Debug_NoLibs|Win32.Build.0 = Debug_NoLibs|Win32
		{C52F935E-1FD2-443C-A181-27908DAB3BC8}.Debug|Win32.ActiveCfg = Debug|Win32
		{C52F935E-1FD2-443C-A181-27908DAB3BC8}.Debug|Win32.Build.0 = Debug|Win32
		{C52F935E-1FD2-443C-A181-27908DAB3BC8}.Release|Win32.ActiveCfg = Release|Win32
		{C52F935E-1FD2-443C-A181-27908DAB3BC8}.Release|Win32.Build.0 = Release|Win32
		{01C4C49B-5B89-4049-8F9E-1906F82B798D}.Debug_NoLibs|Win32.ActiveCfg = Debug_NoLibs|Win32
		{01C4C49B-5B89-4049-8F9E-1906F82B798D}.Debug_NoLibs|Win32.Build.0 = Debug_NoLibs|Win32
		{01C4C49B-5B89-4049-8F9E-1906F82B798D}.Debug|Win32.ActiveCfg = Debug|Win32
		{01C4C49B-5B89-4049-8F9E-1906F82B798D}.Debug|Win32.Build.0 = Debug|Win32
		{01C4C49B-5B89-4049-8F9E-1906F82B798D}.Release|Win32.ActiveCfg = Release|Win32
		{01C4C49B-5B89-4049-8F9E-1906F82B798D}.Release|Win32.Build.0 = Release|Win32
		{0B127AE3-0C18-4EEF-AB20-A0693E6AA822}.Debug_NoLibs|Win32.ActiveCfg = Debug_NoLibs|Win32
		{0B127AE3-0C18-4EEF-AB20-A0693E6AA822}.Debug_NoLibs|Win32.Build.0 = Debug_NoLibs|Win32
		{0B127AE3-0C18-4EEF-AB20-A0693E6AA822}.Debug|Win32.ActiveCfg = Debug|Win32
		{0B127AE3-0C18-4EEF-AB20-A0693E6AA822}.Debug|Win32.Build.0 = Debug|Win32
		{0B127AE3-0C18-4EEF-AB20-A0693E6AA822}.Release|Win32.ActiveCfg = Release|Win32
		{0B127AE3-0C18-4EEF-AB20-A0693E6AA822}.Release|Win32.Build.0 = Release|Win32
		{A15F1E4F-951A-403E-B746-2A6D63D9C416}.Debug_NoLibs|Win32.ActiveCfg = Debug_NoLibs|Win32
		{A15F1E4F-951A-403E-B746-2A6D63D9C416}.Debug_NoLibs|Win32.Build.0 = Debug_NoLibs|Win32
		{A15F1E4F-951A-403E-B746-2A6D63D9C416}.Debug|Win32.ActiveCfg = Debug|Win32
		{A15F1E4F-951A-403E-B746-2A6D63D9C416}.Debug|Win32.Build.0 = Debug|Win32
		{A15F1E4F-951A-403E-B746-2A6D63D9C416}.Release|Win32.ActiveCfg = Release|Win32
		{A15F1E4F-951A-403E-B746-2A6D63D9C416}.Release|Win32.Build.0 = Release|Win32
		{6CE3D593-E90D-4CC1-A66B-694AC909F6B8}.Debug_NoLibs|Win32.ActiveCfg = Debug_NoLibs|Win32
		{6CE3D593-E90D-4CC1-A66B-694AC909F6B8}.Debug_NoLibs|Win32.Build.0 = Debug_NoLibs|Win32
		{6CE3D593-E90D-4CC1-A66B-694AC909F6B8}.Debug|Win32.ActiveCfg = Debug|Win32
		{6CE3D593-E90D-4CC1-A66B-694AC909F6B8}.Debug|Win32.Build.0 = Debug|Win32
		{6CE3D593-E90D-4CC1-A66B-694AC909F6B8}.Release|Win32.ActiveCfg = Release|Win32
		{6CE3D593-E90D-4CC1-A66B-694AC909F6B8}.Release|Win32.Build.0 = Release|Win32
		{1BA0B9E8-F135-494F-9CF5-86427C1F6E41}.Debug_NoLibs|Win32.ActiveCfg = Debug_NoLibs|Win32
		{1BA0B9E8-F135-494F-9CF5-86427C1F6E41}.Debug_NoLibs|Win32.Build.0 = Debug_NoLibs|Win32
		{1BA0B9E8-F135-494F-9CF5-86427C1F6E41}.Debug|Win32.ActiveCfg = Debug|Win32
		{1BA0B9E8-F135-494F-9CF5-86427C1F6E41}.Debug|Win32.Build.0 = Debug|Win32
		{1BA0B9E8-F135-494F-9CF5-86427C1F6E41}.Release|Win32.ActiveCfg = Release|Win32
		{1BA0B9E8-F135-494F-9CF5-86427C1F6E41}.Release|Win32.Build.0 = Release|Win32
	EndGlobalSection
	GlobalSection(SolutionProperties) = preSolution
		HideSolutionNode = FALSE
	EndGlobalSection
EndGlobal
