
Microsoft Visual Studio Solution File, Format Version 10.00
# Visual C++ Express 2008
Project("{8BC9CEB8-8B4A-11D0-8D11-00A0C91BC942}") = "framework", "framework.vcproj", "{F791B16A-1489-4526-9FFF-CB481CEC5414}"
EndProject
Project("{8BC9CEB8-8B4A-11D0-8D11-00A0C91BC942}") = "CalcFileSize", "..\CalcFileSize\CalcFileSize.vcproj", "{FA3FF845-E341-4BE3-A17F-8042C99A374F}"
	ProjectSection(ProjectDependencies) = postProject
		{F791B16A-1489-4526-9FFF-CB481CEC5414} = {F791B16A-1489-4526-9FFF-CB481CEC5414}
	EndProjectSection
EndProject
Global
	GlobalSection(SolutionConfigurationPlatforms) = preSolution
		Debug|Win32 = Debug|Win32
		Release|Win32 = Release|Win32
	EndGlobalSection
	GlobalSection(ProjectConfigurationPlatforms) = postSolution
		{F791B16A-1489-4526-9FFF-CB481CEC5414}.Debug|Win32.ActiveCfg = Debug|Win32
		{F791B16A-1489-4526-9FFF-CB481CEC5414}.Debug|Win32.Build.0 = Debug|Win32
		{F791B16A-1489-4526-9FFF-CB481CEC5414}.Release|Win32.ActiveCfg = Release|Win32
		{F791B16A-1489-4526-9FFF-CB481CEC5414}.Release|Win32.Build.0 = Release|Win32
		{FA3FF845-E341-4BE3-A17F-8042C99A374F}.Debug|Win32.ActiveCfg = Debug|Win32
		{FA3FF845-E341-4BE3-A17F-8042C99A374F}.Debug|Win32.Build.0 = Debug|Win32
		{FA3FF845-E341-4BE3-A17F-8042C99A374F}.Release|Win32.ActiveCfg = Release|Win32
		{FA3FF845-E341-4BE3-A17F-8042C99A374F}.Release|Win32.Build.0 = Release|Win32
	EndGlobalSection
	GlobalSection(SolutionProperties) = preSolution
		HideSolutionNode = FALSE
	EndGlobalSection
EndGlobal
