
Microsoft Visual Studio Solution File, Format Version 11.00
# Visual C++ Express 2010
Project("{8BC9CEB8-8B4A-11D0-8D11-00A0C91BC942}") = "LibExifModule", "LibExifModule.vcxproj", "{A4B7B046-EA19-4179-9712-8A7B085443D8}"
EndProject
Global
	GlobalSection(SolutionConfigurationPlatforms) = preSolution
		Debug|Win32 = Debug|Win32
		Release|Win32 = Release|Win32
	EndGlobalSection
	GlobalSection(ProjectConfigurationPlatforms) = postSolution
		{A4B7B046-EA19-4179-9712-8A7B085443D8}.Debug|Win32.ActiveCfg = Debug|Win32
		{A4B7B046-EA19-4179-9712-8A7B085443D8}.Debug|Win32.Build.0 = Debug|Win32
		{A4B7B046-EA19-4179-9712-8A7B085443D8}.Release|Win32.ActiveCfg = Release|Win32
		{A4B7B046-EA19-4179-9712-8A7B085443D8}.Release|Win32.Build.0 = Release|Win32
	EndGlobalSection
	GlobalSection(SolutionProperties) = preSolution
		HideSolutionNode = FALSE
	EndGlobalSection
EndGlobal
