
Microsoft Visual Studio Solution File, Format Version 11.00
# Visual C++ Express 2010
Project("{8BC9CEB8-8B4A-11D0-8D11-00A0C91BC942}") = "SaveInterestingFilesModule", "SaveInterestingFilesModule.vcxproj", "{39CDF492-FCD0-42E8-B2E2-42D2E0F6D2CC}"
EndProject
Global
	GlobalSection(SolutionConfigurationPlatforms) = preSolution
		Debug|Win32 = Debug|Win32
		Release|Win32 = Release|Win32
	EndGlobalSection
	GlobalSection(ProjectConfigurationPlatforms) = postSolution
		{39CDF492-FCD0-42E8-B2E2-42D2E0F6D2CC}.Debug|Win32.ActiveCfg = Debug|Win32
		{39CDF492-FCD0-42E8-B2E2-42D2E0F6D2CC}.Debug|Win32.Build.0 = Debug|Win32
		{39CDF492-FCD0-42E8-B2E2-42D2E0F6D2CC}.Release|Win32.ActiveCfg = Release|Win32
		{39CDF492-FCD0-42E8-B2E2-42D2E0F6D2CC}.Release|Win32.Build.0 = Release|Win32
	EndGlobalSection
	GlobalSection(SolutionProperties) = preSolution
		HideSolutionNode = FALSE
	EndGlobalSection
EndGlobal
