
Microsoft Visual Studio Solution File, Format Version 11.00
# Visual C++ Express 2010
Project("{8BC9CEB8-8B4A-11D0-8D11-00A0C91BC942}") = "libtskframework", "framework.vcxproj", "{F791B16A-1489-4526-9FFF-CB481CEC5414}"
EndProject
Project("{8BC9CEB8-8B4A-11D0-8D11-00A0C91BC942}") = "EntropyModule", "..\..\modules\c_EntropyModule\win32\EntropyModule.vcxproj", "{00E3B0EE-B612-433A-A43E-1CE0B3DE1015}"
EndProject
Project("{8BC9CEB8-8B4A-11D0-8D11-00A0C91BC942}") = "HashCalcModule", "..\..\modules\c_HashCalcModule\win32\HashCalcModule.vcxproj", "{46CD18AC-3A1C-405D-B39F-F86BA0FD1820}"
	ProjectSection(ProjectDependencies) = postProject
		{F791B16A-1489-4526-9FFF-CB481CEC5414} = {F791B16A-1489-4526-9FFF-CB481CEC5414}
	EndProjectSection
EndProject
Project("{8BC9CEB8-8B4A-11D0-8D11-00A0C91BC942}") = "InterestingFilesModule", "..\..\modules\c_InterestingFilesModule\win32\InterestingFilesModule.vcxproj", "{8F956113-11D2-4288-985D-53CBF84648E0}"
	ProjectSection(ProjectDependencies) = postProject
		{F791B16A-1489-4526-9FFF-CB481CEC5414} = {F791B16A-1489-4526-9FFF-CB481CEC5414}
	EndProjectSection
EndProject
Project("{8BC9CEB8-8B4A-11D0-8D11-00A0C91BC942}") = "RegRipperModule", "..\..\modules\c_RegRipperModule\win32\RegRipperModule.vcxproj", "{4DD49717-8C15-4E07-8C18-D47A093184AA}"
	ProjectSection(ProjectDependencies) = postProject
		{F791B16A-1489-4526-9FFF-CB481CEC5414} = {F791B16A-1489-4526-9FFF-CB481CEC5414}
	EndProjectSection
EndProject
Project("{8BC9CEB8-8B4A-11D0-8D11-00A0C91BC942}") = "SaveInterestingFilesModule", "..\..\modules\c_SaveInterestingFilesModule\win32\SaveInterestingFilesModule.vcxproj", "{39CDF492-FCD0-42E8-B2E2-42D2E0F6D2CC}"
	ProjectSection(ProjectDependencies) = postProject
		{F791B16A-1489-4526-9FFF-CB481CEC5414} = {F791B16A-1489-4526-9FFF-CB481CEC5414}
	EndProjectSection
EndProject
Project("{8BC9CEB8-8B4A-11D0-8D11-00A0C91BC942}") = "TskHashLookupModule", "..\..\modules\c_TskHashLookupModule\win32\TskHashLookupModule.vcxproj", "{430B8E55-C5F4-4936-A0C7-DABD8B34788A}"
	ProjectSection(ProjectDependencies) = postProject
		{F791B16A-1489-4526-9FFF-CB481CEC5414} = {F791B16A-1489-4526-9FFF-CB481CEC5414}
	EndProjectSection
EndProject
Project("{8BC9CEB8-8B4A-11D0-8D11-00A0C91BC942}") = "ZipExtractionModule", "..\..\modules\c_ZIPExtractionModule\win32\ZipExtractionModule.vcxproj", "{506823BC-AE48-4827-B72A-BA4C9E1E4670}"
	ProjectSection(ProjectDependencies) = postProject
		{F791B16A-1489-4526-9FFF-CB481CEC5414} = {F791B16A-1489-4526-9FFF-CB481CEC5414}
	EndProjectSection
EndProject
Project("{8BC9CEB8-8B4A-11D0-8D11-00A0C91BC942}") = "tsk_analyzeimg", "..\tsk_analyzeimg\tsk_analyzeimg.vcxproj", "{13BD0806-028E-42F1-A91D-5128565A9717}"
EndProject
Project("{8BC9CEB8-8B4A-11D0-8D11-00A0C91BC942}") = "SummaryReportModule", "..\..\modules\c_SummaryReportModule\win32\SummaryReportModule.vcxproj", "{1CA42FA6-A110-4BB1-B7D6-C0AB6C4FA1AD}"
	ProjectSection(ProjectDependencies) = postProject
		{F791B16A-1489-4526-9FFF-CB481CEC5414} = {F791B16A-1489-4526-9FFF-CB481CEC5414}
	EndProjectSection
EndProject
Project("{8BC9CEB8-8B4A-11D0-8D11-00A0C91BC942}") = "tsk_validatepipeline", "..\tsk_validatepipeline\tsk_validatepipeline.vcxproj", "{352C3C04-1F31-4138-97A6-1DC6EC5FD379}"
EndProject
Project("{8BC9CEB8-8B4A-11D0-8D11-00A0C91BC942}") = "FileTypeSigModule", "..\..\modules\c_FileTypeSigModule\win32\FileTypeSigModule.vcxproj", "{18EC105E-A0F9-43D2-B66E-287828E61E7D}"
	ProjectSection(ProjectDependencies) = postProject
		{F791B16A-1489-4526-9FFF-CB481CEC5414} = {F791B16A-1489-4526-9FFF-CB481CEC5414}
	EndProjectSection
EndProject
Project("{8BC9CEB8-8B4A-11D0-8D11-00A0C91BC942}") = "LibExifModule", "..\..\modules\c_LibExifModule\win32\LibExifModule.vcxproj", "{A4B7B046-EA19-4179-9712-8A7B085443D8}"
	ProjectSection(ProjectDependencies) = postProject
		{F791B16A-1489-4526-9FFF-CB481CEC5414} = {F791B16A-1489-4526-9FFF-CB481CEC5414}
	EndProjectSection
EndProject
Global
	GlobalSection(SolutionConfigurationPlatforms) = preSolution
		Debug|Win32 = Debug|Win32
		Release|Win32 = Release|Win32
	EndGlobalSection
	GlobalSection(ProjectConfigurationPlatforms) = postSolution
		{F791B16A-1489-4526-9FFF-CB481CEC5414}.Debug|Win32.ActiveCfg = Debug|Win32
		{F791B16A-1489-4526-9FFF-CB481CEC5414}.Debug|Win32.Build.0 = Debug|Win32
		{F791B16A-1489-4526-9FFF-CB481CEC5414}.Release|Win32.ActiveCfg = Release|Win32
		{F791B16A-1489-4526-9FFF-CB481CEC5414}.Release|Win32.Build.0 = Release|Win32
		{00E3B0EE-B612-433A-A43E-1CE0B3DE1015}.Debug|Win32.ActiveCfg = Debug|Win32
		{00E3B0EE-B612-433A-A43E-1CE0B3DE1015}.Debug|Win32.Build.0 = Debug|Win32
		{00E3B0EE-B612-433A-A43E-1CE0B3DE1015}.Release|Win32.ActiveCfg = Release|Win32
		{00E3B0EE-B612-433A-A43E-1CE0B3DE1015}.Release|Win32.Build.0 = Release|Win32
		{46CD18AC-3A1C-405D-B39F-F86BA0FD1820}.Debug|Win32.ActiveCfg = Debug|Win32
		{46CD18AC-3A1C-405D-B39F-F86BA0FD1820}.Debug|Win32.Build.0 = Debug|Win32
		{46CD18AC-3A1C-405D-B39F-F86BA0FD1820}.Release|Win32.ActiveCfg = Release|Win32
		{46CD18AC-3A1C-405D-B39F-F86BA0FD1820}.Release|Win32.Build.0 = Release|Win32
		{8F956113-11D2-4288-985D-53CBF84648E0}.Debug|Win32.ActiveCfg = Debug|Win32
		{8F956113-11D2-4288-985D-53CBF84648E0}.Debug|Win32.Build.0 = Debug|Win32
		{8F956113-11D2-4288-985D-53CBF84648E0}.Release|Win32.ActiveCfg = Release|Win32
		{8F956113-11D2-4288-985D-53CBF84648E0}.Release|Win32.Build.0 = Release|Win32
		{4DD49717-8C15-4E07-8C18-D47A093184AA}.Debug|Win32.ActiveCfg = Debug|Win32
		{4DD49717-8C15-4E07-8C18-D47A093184AA}.Debug|Win32.Build.0 = Debug|Win32
		{4DD49717-8C15-4E07-8C18-D47A093184AA}.Release|Win32.ActiveCfg = Release|Win32
		{4DD49717-8C15-4E07-8C18-D47A093184AA}.Release|Win32.Build.0 = Release|Win32
		{39CDF492-FCD0-42E8-B2E2-42D2E0F6D2CC}.Debug|Win32.ActiveCfg = Debug|Win32
		{39CDF492-FCD0-42E8-B2E2-42D2E0F6D2CC}.Debug|Win32.Build.0 = Debug|Win32
		{39CDF492-FCD0-42E8-B2E2-42D2E0F6D2CC}.Release|Win32.ActiveCfg = Release|Win32
		{39CDF492-FCD0-42E8-B2E2-42D2E0F6D2CC}.Release|Win32.Build.0 = Release|Win32
		{430B8E55-C5F4-4936-A0C7-DABD8B34788A}.Debug|Win32.ActiveCfg = Debug|Win32
		{430B8E55-C5F4-4936-A0C7-DABD8B34788A}.Debug|Win32.Build.0 = Debug|Win32
		{430B8E55-C5F4-4936-A0C7-DABD8B34788A}.Release|Win32.ActiveCfg = Release|Win32
		{430B8E55-C5F4-4936-A0C7-DABD8B34788A}.Release|Win32.Build.0 = Release|Win32
		{506823BC-AE48-4827-B72A-BA4C9E1E4670}.Debug|Win32.ActiveCfg = Debug|Win32
		{506823BC-AE48-4827-B72A-BA4C9E1E4670}.Debug|Win32.Build.0 = Debug|Win32
		{506823BC-AE48-4827-B72A-BA4C9E1E4670}.Release|Win32.ActiveCfg = Release|Win32
		{506823BC-AE48-4827-B72A-BA4C9E1E4670}.Release|Win32.Build.0 = Release|Win32
		{13BD0806-028E-42F1-A91D-5128565A9717}.Debug|Win32.ActiveCfg = Debug|Win32
		{13BD0806-028E-42F1-A91D-5128565A9717}.Debug|Win32.Build.0 = Debug|Win32
		{13BD0806-028E-42F1-A91D-5128565A9717}.Release|Win32.ActiveCfg = Release|Win32
		{13BD0806-028E-42F1-A91D-5128565A9717}.Release|Win32.Build.0 = Release|Win32
		{1CA42FA6-A110-4BB1-B7D6-C0AB6C4FA1AD}.Debug|Win32.ActiveCfg = Debug|Win32
		{1CA42FA6-A110-4BB1-B7D6-C0AB6C4FA1AD}.Debug|Win32.Build.0 = Debug|Win32
		{1CA42FA6-A110-4BB1-B7D6-C0AB6C4FA1AD}.Release|Win32.ActiveCfg = Release|Win32
		{1CA42FA6-A110-4BB1-B7D6-C0AB6C4FA1AD}.Release|Win32.Build.0 = Release|Win32
		{352C3C04-1F31-4138-97A6-1DC6EC5FD379}.Debug|Win32.ActiveCfg = Debug|Win32
		{352C3C04-1F31-4138-97A6-1DC6EC5FD379}.Debug|Win32.Build.0 = Debug|Win32
		{352C3C04-1F31-4138-97A6-1DC6EC5FD379}.Release|Win32.ActiveCfg = Release|Win32
		{352C3C04-1F31-4138-97A6-1DC6EC5FD379}.Release|Win32.Build.0 = Release|Win32
		{18EC105E-A0F9-43D2-B66E-287828E61E7D}.Debug|Win32.ActiveCfg = Debug|Win32
		{18EC105E-A0F9-43D2-B66E-287828E61E7D}.Debug|Win32.Build.0 = Debug|Win32
		{18EC105E-A0F9-43D2-B66E-287828E61E7D}.Release|Win32.ActiveCfg = Release|Win32
		{18EC105E-A0F9-43D2-B66E-287828E61E7D}.Release|Win32.Build.0 = Release|Win32
		{A4B7B046-EA19-4179-9712-8A7B085443D8}.Debug|Win32.ActiveCfg = Debug|Win32
		{A4B7B046-EA19-4179-9712-8A7B085443D8}.Debug|Win32.Build.0 = Debug|Win32
		{A4B7B046-EA19-4179-9712-8A7B085443D8}.Release|Win32.ActiveCfg = Release|Win32
		{A4B7B046-EA19-4179-9712-8A7B085443D8}.Release|Win32.Build.0 = Release|Win32
	EndGlobalSection
	GlobalSection(SolutionProperties) = preSolution
		HideSolutionNode = FALSE
	EndGlobalSection
EndGlobal
