<?xml version="1.0" encoding="utf-8"?>
<Project ToolsVersion="4.0" xmlns="http://schemas.microsoft.com/developer/msbuild/2003">
  <ItemGroup>
    <Filter Include="Source Files">
      <UniqueIdentifier>{4FC737F1-C7A5-4376-A066-2A32D752A2FF}</UniqueIdentifier>
      <Extensions>cpp;c;cc;cxx;def;odl;idl;hpj;bat;asm;asmx</Extensions>
    </Filter>
    <Filter Include="Header Files">
      <UniqueIdentifier>{93995380-89BD-4b04-88EB-625FBE52EBFB}</UniqueIdentifier>
      <Extensions>h;hpp;hxx;hm;inl;inc;xsd</Extensions>
    </Filter>
  </ItemGroup>
  <ItemGroup>
    <ClCompile Include="..\..\tsk\framework\services\Log.cpp">
      <Filter>Source Files</Filter>
    </ClCompile>
    <ClCompile Include="..\..\tsk\framework\services\Scheduler.cpp">
      <Filter>Source Files</Filter>
    </ClCompile>
    <ClCompile Include="..\..\tsk\framework\utilities\SectorRuns.cpp">
      <Filter>Source Files</Filter>
    </ClCompile>
    <ClCompile Include="..\..\tsk\framework\extraction\TskAutoImpl.cpp">
      <Filter>Source Files</Filter>
    </ClCompile>
    <ClCompile Include="..\..\tsk\framework\services\TskBlackboard.cpp">
      <Filter>Source Files</Filter>
    </ClCompile>
    <ClCompile Include="..\..\tsk\framework\services\TskBlackboardArtifact.cpp">
      <Filter>Source Files</Filter>
    </ClCompile>
    <ClCompile Include="..\..\tsk\framework\services\TskBlackboardAttribute.cpp">
      <Filter>Source Files</Filter>
    </ClCompile>
    <ClCompile Include="..\..\tsk\framework\extraction\TskCarveExtractScalpel.cpp">
      <Filter>Source Files</Filter>
    </ClCompile>
    <ClCompile Include="..\..\tsk\framework\extraction\TskCarvePrepSectorConcat.cpp">
      <Filter>Source Files</Filter>
    </ClCompile>
    <ClCompile Include="..\..\tsk\framework\services\TskDBBlackboard.cpp">
      <Filter>Source Files</Filter>
    </ClCompile>
    <ClCompile Include="..\..\tsk\framework\utilities\TskException.cpp">
      <Filter>Source Files</Filter>
    </ClCompile>
    <ClCompile Include="..\..\tsk\framework\pipeline\TskExecutableModule.cpp">
      <Filter>Source Files</Filter>
    </ClCompile>
    <ClCompile Include="..\..\tsk\framework\file\TskFile.cpp">
      <Filter>Source Files</Filter>
    </ClCompile>
    <ClCompile Include="..\..\tsk\framework\pipeline\TskFileAnalysisPipeline.cpp">
      <Filter>Source Files</Filter>
    </ClCompile>
    <ClCompile Include="..\..\tsk\framework\pipeline\TskFileAnalysisPluginModule.cpp">
      <Filter>Source Files</Filter>
    </ClCompile>
    <ClCompile Include="..\..\tsk\framework\file\TskFileManagerImpl.cpp">
      <Filter>Source Files</Filter>
    </ClCompile>
    <ClCompile Include="..\..\tsk\framework\file\TskFileTsk.cpp">
      <Filter>Source Files</Filter>
    </ClCompile>
    <ClCompile Include="..\..\tsk\framework\extraction\TskImageFile.cpp">
      <Filter>Source Files</Filter>
    </ClCompile>
    <ClCompile Include="..\..\tsk\framework\extraction\TskImageFileTsk.cpp">
      <Filter>Source Files</Filter>
    </ClCompile>
    <ClCompile Include="..\..\tsk\framework\services\TskImgDB.cpp">
      <Filter>Source Files</Filter>
    </ClCompile>
    <ClCompile Include="..\..\tsk\framework\services\TskImgDBSqlite.cpp">
      <Filter>Source Files</Filter>
    </ClCompile>
    <ClCompile Include="..\..\tsk\framework\pipeline\TskModule.cpp">
      <Filter>Source Files</Filter>
    </ClCompile>
    <ClCompile Include="..\..\tsk\framework\pipeline\TskPipeline.cpp">
      <Filter>Source Files</Filter>
    </ClCompile>
    <ClCompile Include="..\..\tsk\framework\pipeline\TskPipelineManager.cpp">
      <Filter>Source Files</Filter>
    </ClCompile>
    <ClCompile Include="..\..\tsk\framework\pipeline\TskPluginModule.cpp">
      <Filter>Source Files</Filter>
    </ClCompile>
    <ClCompile Include="..\..\tsk\framework\pipeline\TskReportPipeline.cpp">
      <Filter>Source Files</Filter>
    </ClCompile>
    <ClCompile Include="..\..\tsk\framework\pipeline\TskReportPluginModule.cpp">
      <Filter>Source Files</Filter>
    </ClCompile>
    <ClCompile Include="..\..\tsk\framework\services\TskSchedulerQueue.cpp">
      <Filter>Source Files</Filter>
    </ClCompile>
    <ClCompile Include="..\..\tsk\framework\services\TskServices.cpp">
      <Filter>Source Files</Filter>
    </ClCompile>
    <ClCompile Include="..\..\tsk\framework\services\TskSystemProperties.cpp">
      <Filter>Source Files</Filter>
    </ClCompile>
    <ClCompile Include="..\..\tsk\framework\services\TskSystemPropertiesImpl.cpp">
      <Filter>Source Files</Filter>
    </ClCompile>
    <ClCompile Include="..\..\tsk\framework\utilities\TskUtilities.cpp">
      <Filter>Source Files</Filter>
    </ClCompile>
    <ClCompile Include="..\..\tsk\framework\utilities\UnallocRun.cpp">
      <Filter>Source Files</Filter>
    </ClCompile>
    <ClCompile Include="..\..\tsk\framework\extraction\TskExtract.cpp">
      <Filter>Source Files</Filter>
    </ClCompile>
    <ClCompile Include="..\..\tsk\framework\extraction\TskL01Extract.cpp">
      <Filter>Source Files</Filter>
    </ClCompile>
  </ItemGroup>
  <ItemGroup>
    <ClInclude Include="..\..\tsk\framework\extraction\CarveExtract.h">
      <Filter>Header Files</Filter>
    </ClInclude>
    <ClInclude Include="..\..\tsk\framework\extraction\CarvePrep.h">
      <Filter>Header Files</Filter>
    </ClInclude>
    <ClInclude Include="..\..\tsk\framework\framework.h">
      <Filter>Header Files</Filter>
    </ClInclude>
    <ClInclude Include="..\..\tsk\framework\framework_i.h">
      <Filter>Header Files</Filter>
    </ClInclude>
    <ClInclude Include="..\..\tsk\framework\services\Log.h">
      <Filter>Header Files</Filter>
    </ClInclude>
    <ClInclude Include="..\..\tsk\framework\services\Scheduler.h">
      <Filter>Header Files</Filter>
    </ClInclude>
    <ClInclude Include="..\..\tsk\framework\utilities\SectorRuns.h">
      <Filter>Header Files</Filter>
    </ClInclude>
    <ClInclude Include="..\..\tsk\framework\extraction\TskAutoImpl.h">
      <Filter>Header Files</Filter>
    </ClInclude>
    <ClInclude Include="..\..\tsk\framework\services\TskBlackboard.h">
      <Filter>Header Files</Filter>
    </ClInclude>
    <ClInclude Include="..\..\tsk\framework\services\TskBlackboardArtifact.h">
      <Filter>Header Files</Filter>
    </ClInclude>
    <ClInclude Include="..\..\tsk\framework\services\TskBlackBoardAttribute.h">
      <Filter>Header Files</Filter>
    </ClInclude>
    <ClInclude Include="..\..\tsk\framework\extraction\TskCarveExtractScalpel.h">
      <Filter>Header Files</Filter>
    </ClInclude>
    <ClInclude Include="..\..\tsk\framework\extraction\TskCarvePrepSectorConcat.h">
      <Filter>Header Files</Filter>
    </ClInclude>
    <ClInclude Include="..\..\tsk\framework\services\TskDBBlackboard.h">
      <Filter>Header Files</Filter>
    </ClInclude>
    <ClInclude Include="..\..\tsk\framework\utilities\TskException.h">
      <Filter>Header Files</Filter>
    </ClInclude>
    <ClInclude Include="..\..\tsk\framework\pipeline\TskExecutableModule.h">
      <Filter>Header Files</Filter>
    </ClInclude>
    <ClInclude Include="..\..\tsk\framework\file\TskFile.h">
      <Filter>Header Files</Filter>
    </ClInclude>
    <ClInclude Include="..\..\tsk\framework\pipeline\TskFileAnalysisPipeline.h">
      <Filter>Header Files</Filter>
    </ClInclude>
    <ClInclude Include="..\..\tsk\framework\pipeline\TskFileAnalysisPluginModule.h">
      <Filter>Header Files</Filter>
    </ClInclude>
    <ClInclude Include="..\..\tsk\framework\file\TskFileManager.h">
      <Filter>Header Files</Filter>
    </ClInclude>
    <ClInclude Include="..\..\tsk\framework\file\TskFileManagerImpl.h">
      <Filter>Header Files</Filter>
    </ClInclude>
    <ClInclude Include="..\..\tsk\framework\file\TskFileTsk.h">
      <Filter>Header Files</Filter>
    </ClInclude>
    <ClInclude Include="..\..\tsk\framework\extraction\TskImageFile.h">
      <Filter>Header Files</Filter>
    </ClInclude>
    <ClInclude Include="..\..\tsk\framework\extraction\TskImageFileTsk.h">
      <Filter>Header Files</Filter>
    </ClInclude>
    <ClInclude Include="..\..\tsk\framework\services\TskImgDB.h">
      <Filter>Header Files</Filter>
    </ClInclude>
    <ClInclude Include="..\..\tsk\framework\services\TskImgDBSqlite.h">
      <Filter>Header Files</Filter>
    </ClInclude>
    <ClInclude Include="..\..\tsk\framework\pipeline\TskModule.h">
      <Filter>Header Files</Filter>
    </ClInclude>
    <ClInclude Include="..\..\tsk\framework\pipeline\TskPipeline.h">
      <Filter>Header Files</Filter>
    </ClInclude>
    <ClInclude Include="..\..\tsk\framework\pipeline\TskPipelineManager.h">
      <Filter>Header Files</Filter>
    </ClInclude>
    <ClInclude Include="..\..\tsk\framework\pipeline\TskPluginModule.h">
      <Filter>Header Files</Filter>
    </ClInclude>
    <ClInclude Include="..\..\tsk\framework\pipeline\TskReportPipeline.h">
      <Filter>Header Files</Filter>
    </ClInclude>
    <ClInclude Include="..\..\tsk\framework\pipeline\TskReportPluginModule.h">
      <Filter>Header Files</Filter>
    </ClInclude>
    <ClInclude Include="..\..\tsk\framework\services\TskSchedulerQueue.h">
      <Filter>Header Files</Filter>
    </ClInclude>
    <ClInclude Include="..\..\tsk\framework\services\TskServices.h">
      <Filter>Header Files</Filter>
    </ClInclude>
    <ClInclude Include="..\..\tsk\framework\services\TskSystemProperties.h">
      <Filter>Header Files</Filter>
    </ClInclude>
    <ClInclude Include="..\..\tsk\framework\services\TskSystemPropertiesImpl.h">
      <Filter>Header Files</Filter>
    </ClInclude>
    <ClInclude Include="..\..\tsk\framework\utilities\TskUtilities.h">
      <Filter>Header Files</Filter>
    </ClInclude>
    <ClInclude Include="..\..\tsk\framework\utilities\UnallocRun.h">
      <Filter>Header Files</Filter>
    </ClInclude>
    <ClInclude Include="..\..\tsk\framework\utilities\TskModuleDev.h">
      <Filter>Header Files</Filter>
    </ClInclude>
    <ClInclude Include="..\..\tsk\framework\TskVersionInfo.h">
      <Filter>Header Files</Filter>
    </ClInclude>
    <ClInclude Include="..\..\tsk\framework\extraction\TskExtract.h">
      <Filter>Header Files</Filter>
    </ClInclude>
    <ClInclude Include="..\..\tsk\framework\extraction\TskL01Extract.h">
      <Filter>Header Files</Filter>
    </ClInclude>
  </ItemGroup>
</Project>